// !$*UTF8*$!
{
	archiveVersion = 1;
	classes = {
	};
	objectVersion = 52;
	objects = {

/* Begin PBXBuildFile section */
		A1F87F1D250FDD1500EC9DBF /* AppDelegate.swift in Sources */ = {isa = PBXBuildFile; fileRef = A1F87F1C250FDD1500EC9DBF /* AppDelegate.swift */; };
		A1F87F1F250FDD1500EC9DBF /* SceneDelegate.swift in Sources */ = {isa = PBXBuildFile; fileRef = A1F87F1E250FDD1500EC9DBF /* SceneDelegate.swift */; };
		A1F87F21250FDD1500EC9DBF /* TabViews.swift in Sources */ = {isa = PBXBuildFile; fileRef = A1F87F20250FDD1500EC9DBF /* TabViews.swift */; };
		A1F87F23250FDD1700EC9DBF /* Assets.xcassets in Resources */ = {isa = PBXBuildFile; fileRef = A1F87F22250FDD1700EC9DBF /* Assets.xcassets */; };
		A1F87F26250FDD1700EC9DBF /* Preview Assets.xcassets in Resources */ = {isa = PBXBuildFile; fileRef = A1F87F25250FDD1700EC9DBF /* Preview Assets.xcassets */; };
		A1F87F29250FDD1700EC9DBF /* LaunchScreen.storyboard in Resources */ = {isa = PBXBuildFile; fileRef = A1F87F27250FDD1700EC9DBF /* LaunchScreen.storyboard */; };
		A1F87F32250FDE9C00EC9DBF /* Tabman in Frameworks */ = {isa = PBXBuildFile; productRef = A1F87F31250FDE9C00EC9DBF /* Tabman */; };
		A1F87F34250FDEBE00EC9DBF /* PageViewControllers.swift in Sources */ = {isa = PBXBuildFile; fileRef = A1F87F33250FDEBE00EC9DBF /* PageViewControllers.swift */; };
		A1F87F36250FE07F00EC9DBF /* Extensions.swift in Sources */ = {isa = PBXBuildFile; fileRef = A1F87F35250FE07F00EC9DBF /* Extensions.swift */; };
/* End PBXBuildFile section */

/* Begin PBXFileReference section */
		A1F87F19250FDD1500EC9DBF /* Rotten NavigationView.app */ = {isa = PBXFileReference; explicitFileType = wrapper.application; includeInIndex = 0; path = "Rotten NavigationView.app"; sourceTree = BUILT_PRODUCTS_DIR; };
		A1F87F1C250FDD1500EC9DBF /* AppDelegate.swift */ = {isa = PBXFileReference; lastKnownFileType = sourcecode.swift; path = AppDelegate.swift; sourceTree = "<group>"; };
		A1F87F1E250FDD1500EC9DBF /* SceneDelegate.swift */ = {isa = PBXFileReference; lastKnownFileType = sourcecode.swift; path = SceneDelegate.swift; sourceTree = "<group>"; };
		A1F87F20250FDD1500EC9DBF /* TabViews.swift */ = {isa = PBXFileReference; lastKnownFileType = sourcecode.swift; path = TabViews.swift; sourceTree = "<group>"; };
		A1F87F22250FDD1700EC9DBF /* Assets.xcassets */ = {isa = PBXFileReference; lastKnownFileType = folder.assetcatalog; path = Assets.xcassets; sourceTree = "<group>"; };
		A1F87F25250FDD1700EC9DBF /* Preview Assets.xcassets */ = {isa = PBXFileReference; lastKnownFileType = folder.assetcatalog; path = "Preview Assets.xcassets"; sourceTree = "<group>"; };
		A1F87F28250FDD1700EC9DBF /* Base */ = {isa = PBXFileReference; lastKnownFileType = file.storyboard; name = Base; path = Base.lproj/LaunchScreen.storyboard; sourceTree = "<group>"; };
		A1F87F2A250FDD1700EC9DBF /* Info.plist */ = {isa = PBXFileReference; lastKnownFileType = text.plist.xml; path = Info.plist; sourceTree = "<group>"; };
		A1F87F33250FDEBE00EC9DBF /* PageViewControllers.swift */ = {isa = PBXFileReference; lastKnownFileType = sourcecode.swift; path = PageViewControllers.swift; sourceTree = "<group>"; };
		A1F87F35250FE07F00EC9DBF /* Extensions.swift */ = {isa = PBXFileReference; lastKnownFileType = sourcecode.swift; path = Extensions.swift; sourceTree = "<group>"; };
/* End PBXFileReference section */

/* Begin PBXFrameworksBuildPhase section */
		A1F87F16250FDD1500EC9DBF /* Frameworks */ = {
			isa = PBXFrameworksBuildPhase;
			buildActionMask = 2147483647;
			files = (
				A1F87F32250FDE9C00EC9DBF /* Tabman in Frameworks */,
			);
			runOnlyForDeploymentPostprocessing = 0;
		};
/* End PBXFrameworksBuildPhase section */

/* Begin PBXGroup section */
		A1F87F10250FDD1500EC9DBF = {
			isa = PBXGroup;
			children = (
				A1F87F1B250FDD1500EC9DBF /* Rotten NavigationView */,
				A1F87F1A250FDD1500EC9DBF /* Products */,
			);
			sourceTree = "<group>";
		};
		A1F87F1A250FDD1500EC9DBF /* Products */ = {
			isa = PBXGroup;
			children = (
				A1F87F19250FDD1500EC9DBF /* Rotten NavigationView.app */,
			);
			name = Products;
			sourceTree = "<group>";
		};
		A1F87F1B250FDD1500EC9DBF /* Rotten NavigationView */ = {
			isa = PBXGroup;
			children = (
				A1F87F1C250FDD1500EC9DBF /* AppDelegate.swift */,
				A1F87F1E250FDD1500EC9DBF /* SceneDelegate.swift */,
				A1F87F20250FDD1500EC9DBF /* TabViews.swift */,
				A1F87F33250FDEBE00EC9DBF /* PageViewControllers.swift */,
				A1F87F35250FE07F00EC9DBF /* Extensions.swift */,
				A1F87F22250FDD1700EC9DBF /* Assets.xcassets */,
				A1F87F27250FDD1700EC9DBF /* LaunchScreen.storyboard */,
				A1F87F2A250FDD1700EC9DBF /* Info.plist */,
				A1F87F24250FDD1700EC9DBF /* Preview Content */,
			);
			path = "Rotten NavigationView";
			sourceTree = "<group>";
		};
		A1F87F24250FDD1700EC9DBF /* Preview Content */ = {
			isa = PBXGroup;
			children = (
				A1F87F25250FDD1700EC9DBF /* Preview Assets.xcassets */,
			);
			path = "Preview Content";
			sourceTree = "<group>";
		};
/* End PBXGroup section */

/* Begin PBXNativeTarget section */
		A1F87F18250FDD1500EC9DBF /* Rotten NavigationView */ = {
			isa = PBXNativeTarget;
			buildConfigurationList = A1F87F2D250FDD1700EC9DBF /* Build configuration list for PBXNativeTarget "Rotten NavigationView" */;
			buildPhases = (
				A1F87F15250FDD1500EC9DBF /* Sources */,
				A1F87F16250FDD1500EC9DBF /* Frameworks */,
				A1F87F17250FDD1500EC9DBF /* Resources */,
			);
			buildRules = (
			);
			dependencies = (
			);
			name = "Rotten NavigationView";
			packageProductDependencies = (
				A1F87F31250FDE9C00EC9DBF /* Tabman */,
			);
			productName = "Rotten NavigationView";
			productReference = A1F87F19250FDD1500EC9DBF /* Rotten NavigationView.app */;
			productType = "com.apple.product-type.application";
		};
/* End PBXNativeTarget section */

/* Begin PBXProject section */
		A1F87F11250FDD1500EC9DBF /* Project object */ = {
			isa = PBXProject;
			attributes = {
				LastSwiftUpdateCheck = 1170;
				LastUpgradeCheck = 1170;
				ORGANIZATIONNAME = "Rotten Apple";
				TargetAttributes = {
					A1F87F18250FDD1500EC9DBF = {
						CreatedOnToolsVersion = 11.7;
					};
				};
			};
			buildConfigurationList = A1F87F14250FDD1500EC9DBF /* Build configuration list for PBXProject "Rotten NavigationView" */;
			compatibilityVersion = "Xcode 9.3";
			developmentRegion = en;
			hasScannedForEncodings = 0;
			knownRegions = (
				en,
				Base,
			);
			mainGroup = A1F87F10250FDD1500EC9DBF;
			packageReferences = (
				A1F87F30250FDE9C00EC9DBF /* XCRemoteSwiftPackageReference "Tabman" */,
			);
			productRefGroup = A1F87F1A250FDD1500EC9DBF /* Products */;
			projectDirPath = "";
			projectRoot = "";
			targets = (
				A1F87F18250FDD1500EC9DBF /* Rotten NavigationView */,
			);
		};
/* End PBXProject section */

/* Begin PBXResourcesBuildPhase section */
		A1F87F17250FDD1500EC9DBF /* Resources */ = {
			isa = PBXResourcesBuildPhase;
			buildActionMask = 2147483647;
			files = (
				A1F87F29250FDD1700EC9DBF /* LaunchScreen.storyboard in Resources */,
				A1F87F26250FDD1700EC9DBF /* Preview Assets.xcassets in Resources */,
				A1F87F23250FDD1700EC9DBF /* Assets.xcassets in Resources */,
			);
			runOnlyForDeploymentPostprocessing = 0;
		};
/* End PBXResourcesBuildPhase section */

/* Begin PBXSourcesBuildPhase section */
		A1F87F15250FDD1500EC9DBF /* Sources */ = {
			isa = PBXSourcesBuildPhase;
			buildActionMask = 2147483647;
			files = (
				A1F87F1D250FDD1500EC9DBF /* AppDelegate.swift in Sources */,
				A1F87F1F250FDD1500EC9DBF /* SceneDelegate.swift in Sources */,
				A1F87F21250FDD1500EC9DBF /* TabViews.swift in Sources */,
				A1F87F36250FE07F00EC9DBF /* Extensions.swift in Sources */,
				A1F87F34250FDEBE00EC9DBF /* PageViewControllers.swift in Sources */,
			);
			runOnlyForDeploymentPostprocessing = 0;
		};
/* End PBXSourcesBuildPhase section */

/* Begin PBXVariantGroup section */
		A1F87F27250FDD1700EC9DBF /* LaunchScreen.storyboard */ = {
			isa = PBXVariantGroup;
			children = (
				A1F87F28250FDD1700EC9DBF /* Base */,
			);
			name = LaunchScreen.storyboard;
			sourceTree = "<group>";
		};
/* End PBXVariantGroup section */

/* Begin XCBuildConfiguration section */
		A1F87F2B250FDD1700EC9DBF /* Debug */ = {
			isa = XCBuildConfiguration;
			buildSettings = {
				ALWAYS_SEARCH_USER_PATHS = NO;
				CLANG_ANALYZER_NONNULL = YES;
				CLANG_ANALYZER_NUMBER_OBJECT_CONVERSION = YES_AGGRESSIVE;
				CLANG_CXX_LANGUAGE_STANDARD = "gnu++14";
				CLANG_CXX_LIBRARY = "libc++";
				CLANG_ENABLE_MODULES = YES;
				CLANG_ENABLE_OBJC_ARC = YES;
				CLANG_ENABLE_OBJC_WEAK = YES;
				CLANG_WARN_BLOCK_CAPTURE_AUTORELEASING = YES;
				CLANG_WARN_BOOL_CONVERSION = YES;
				CLANG_WARN_COMMA = YES;
				CLANG_WARN_CONSTANT_CONVERSION = YES;
				CLANG_WARN_DEPRECATED_OBJC_IMPLEMENTATIONS = YES;
				CLANG_WARN_DIRECT_OBJC_ISA_USAGE = YES_ERROR;
				CLANG_WARN_DOCUMENTATION_COMMENTS = YES;
				CLANG_WARN_EMPTY_BODY = YES;
				CLANG_WARN_ENUM_CONVERSION = YES;
				CLANG_WARN_INFINITE_RECURSION = YES;
				CLANG_WARN_INT_CONVERSION = YES;
				CLANG_WARN_NON_LITERAL_NULL_CONVERSION = YES;
				CLANG_WARN_OBJC_IMPLICIT_RETAIN_SELF = YES;
				CLANG_WARN_OBJC_LITERAL_CONVERSION = YES;
				CLANG_WARN_OBJC_ROOT_CLASS = YES_ERROR;
				CLANG_WARN_RANGE_LOOP_ANALYSIS = YES;
				CLANG_WARN_STRICT_PROTOTYPES = YES;
				CLANG_WARN_SUSPICIOUS_MOVE = YES;
				CLANG_WARN_UNGUARDED_AVAILABILITY = YES_AGGRESSIVE;
				CLANG_WARN_UNREACHABLE_CODE = YES;
				CLANG_WARN__DUPLICATE_METHOD_MATCH = YES;
				COPY_PHASE_STRIP = NO;
				DEBUG_INFORMATION_FORMAT = dwarf;
				ENABLE_STRICT_OBJC_MSGSEND = YES;
				ENABLE_TESTABILITY = YES;
				GCC_C_LANGUAGE_STANDARD = gnu11;
				GCC_DYNAMIC_NO_PIC = NO;
				GCC_NO_COMMON_BLOCKS = YES;
				GCC_OPTIMIZATION_LEVEL = 0;
				GCC_PREPROCESSOR_DEFINITIONS = (
					"DEBUG=1",
					"$(inherited)",
				);
				GCC_WARN_64_TO_32_BIT_CONVERSION = YES;
				GCC_WARN_ABOUT_RETURN_TYPE = YES_ERROR;
				GCC_WARN_UNDECLARED_SELECTOR = YES;
				GCC_WARN_UNINITIALIZED_AUTOS = YES_AGGRESSIVE;
				GCC_WARN_UNUSED_FUNCTION = YES;
				GCC_WARN_UNUSED_VARIABLE = YES;
				IPHONEOS_DEPLOYMENT_TARGET = 13.7;
				MTL_ENABLE_DEBUG_INFO = INCLUDE_SOURCE;
				MTL_FAST_MATH = YES;
				ONLY_ACTIVE_ARCH = YES;
				SDKROOT = iphoneos;
				SWIFT_ACTIVE_COMPILATION_CONDITIONS = DEBUG;
				SWIFT_OPTIMIZATION_LEVEL = "-Onone";
			};
			name = Debug;
		};
		A1F87F2C250FDD1700EC9DBF /* Release */ = {
			isa = XCBuildConfiguration;
			buildSettings = {
				ALWAYS_SEARCH_USER_PATHS = NO;
				CLANG_ANALYZER_NONNULL = YES;
				CLANG_ANALYZER_NUMBER_OBJECT_CONVERSION = YES_AGGRESSIVE;
				CLANG_CXX_LANGUAGE_STANDARD = "gnu++14";
				CLANG_CXX_LIBRARY = "libc++";
				CLANG_ENABLE_MODULES = YES;
				CLANG_ENABLE_OBJC_ARC = YES;
				CLANG_ENABLE_OBJC_WEAK = YES;
				CLANG_WARN_BLOCK_CAPTURE_AUTORELEASING = YES;
				CLANG_WARN_BOOL_CONVERSION = YES;
				CLANG_WARN_COMMA = YES;
				CLANG_WARN_CONSTANT_CONVERSION = YES;
				CLANG_WARN_DEPRECATED_OBJC_IMPLEMENTATIONS = YES;
				CLANG_WARN_DIRECT_OBJC_ISA_USAGE = YES_ERROR;
				CLANG_WARN_DOCUMENTATION_COMMENTS = YES;
				CLANG_WARN_EMPTY_BODY = YES;
				CLANG_WARN_ENUM_CONVERSION = YES;
				CLANG_WARN_INFINITE_RECURSION = YES;
				CLANG_WARN_INT_CONVERSION = YES;
				CLANG_WARN_NON_LITERAL_NULL_CONVERSION = YES;
				CLANG_WARN_OBJC_IMPLICIT_RETAIN_SELF = YES;
				CLANG_WARN_OBJC_LITERAL_CONVERSION = YES;
				CLANG_WARN_OBJC_ROOT_CLASS = YES_ERROR;
				CLANG_WARN_RANGE_LOOP_ANALYSIS = YES;
				CLANG_WARN_STRICT_PROTOTYPES = YES;
				CLANG_WARN_SUSPICIOUS_MOVE = YES;
				CLANG_WARN_UNGUARDED_AVAILABILITY = YES_AGGRESSIVE;
				CLANG_WARN_UNREACHABLE_CODE = YES;
				CLANG_WARN__DUPLICATE_METHOD_MATCH = YES;
				COPY_PHASE_STRIP = NO;
				DEBUG_INFORMATION_FORMAT = "dwarf-with-dsym";
				ENABLE_NS_ASSERTIONS = NO;
				ENABLE_STRICT_OBJC_MSGSEND = YES;
				GCC_C_LANGUAGE_STANDARD = gnu11;
				GCC_NO_COMMON_BLOCKS = YES;
				GCC_WARN_64_TO_32_BIT_CONVERSION = YES;
				GCC_WARN_ABOUT_RETURN_TYPE = YES_ERROR;
				GCC_WARN_UNDECLARED_SELECTOR = YES;
				GCC_WARN_UNINITIALIZED_AUTOS = YES_AGGRESSIVE;
				GCC_WARN_UNUSED_FUNCTION = YES;
				GCC_WARN_UNUSED_VARIABLE = YES;
				IPHONEOS_DEPLOYMENT_TARGET = 13.7;
				MTL_ENABLE_DEBUG_INFO = NO;
				MTL_FAST_MATH = YES;
				SDKROOT = iphoneos;
				SWIFT_COMPILATION_MODE = wholemodule;
				SWIFT_OPTIMIZATION_LEVEL = "-O";
				VALIDATE_PRODUCT = YES;
			};
			name = Release;
		};
		A1F87F2E250FDD1700EC9DBF /* Debug */ = {
			isa = XCBuildConfiguration;
			buildSettings = {
				ASSETCATALOG_COMPILER_APPICON_NAME = AppIcon;
				CODE_SIGN_STYLE = Automatic;
				DEVELOPMENT_ASSET_PATHS = "\"Rotten NavigationView/Preview Content\"";
				DEVELOPMENT_TEAM = 26TV24DK6Z;
				ENABLE_PREVIEWS = YES;
				INFOPLIST_FILE = "Rotten NavigationView/Info.plist";
				LD_RUNPATH_SEARCH_PATHS = (
					"$(inherited)",
					"@executable_path/Frameworks",
				);
				PRODUCT_BUNDLE_IDENTIFIER = "Rotten-Apple.Rotten-NavigationView";
				PRODUCT_NAME = "$(TARGET_NAME)";
				SWIFT_VERSION = 5.0;
				TARGETED_DEVICE_FAMILY = 1;
			};
			name = Debug;
		};
		A1F87F2F250FDD1700EC9DBF /* Release */ = {
			isa = XCBuildConfiguration;
			buildSettings = {
				ASSETCATALOG_COMPILER_APPICON_NAME = AppIcon;
				CODE_SIGN_STYLE = Automatic;
				DEVELOPMENT_ASSET_PATHS = "\"Rotten NavigationView/Preview Content\"";
				DEVELOPMENT_TEAM = 26TV24DK6Z;
				ENABLE_PREVIEWS = YES;
				INFOPLIST_FILE = "Rotten NavigationView/Info.plist";
				LD_RUNPATH_SEARCH_PATHS = (
					"$(inherited)",
					"@executable_path/Frameworks",
				);
				PRODUCT_BUNDLE_IDENTIFIER = "Rotten-Apple.Rotten-NavigationView";
				PRODUCT_NAME = "$(TARGET_NAME)";
				SWIFT_VERSION = 5.0;
				TARGETED_DEVICE_FAMILY = 1;
			};
			name = Release;
		};
/* End XCBuildConfiguration section */

/* Begin XCConfigurationList section */
		A1F87F14250FDD1500EC9DBF /* Build configuration list for PBXProject "Rotten NavigationView" */ = {
			isa = XCConfigurationList;
			buildConfigurations = (
				A1F87F2B250FDD1700EC9DBF /* Debug */,
				A1F87F2C250FDD1700EC9DBF /* Release */,
			);
			defaultConfigurationIsVisible = 0;
			defaultConfigurationName = Release;
		};
		A1F87F2D250FDD1700EC9DBF /* Build configuration list for PBXNativeTarget "Rotten NavigationView" */ = {
			isa = XCConfigurationList;
			buildConfigurations = (
				A1F87F2E250FDD1700EC9DBF /* Debug */,
				A1F87F2F250FDD1700EC9DBF /* Release */,
			);
			defaultConfigurationIsVisible = 0;
			defaultConfigurationName = Release;
		};
/* End XCConfigurationList section */

/* Begin XCRemoteSwiftPackageReference section */
		A1F87F30250FDE9C00EC9DBF /* XCRemoteSwiftPackageReference "Tabman" */ = {
			isa = XCRemoteSwiftPackageReference;
			repositoryURL = "https://github.com/uias/Tabman.git";
			requirement = {
				kind = upToNextMajorVersion;
				minimumVersion = 2.9.1;
			};
		};
/* End XCRemoteSwiftPackageReference section */

/* Begin XCSwiftPackageProductDependency section */
		A1F87F31250FDE9C00EC9DBF /* Tabman */ = {
			isa = XCSwiftPackageProductDependency;
			package = A1F87F30250FDE9C00EC9DBF /* XCRemoteSwiftPackageReference "Tabman" */;
			productName = Tabman;
		};
/* End XCSwiftPackageProductDependency section */
	};
	rootObject = A1F87F11250FDD1500EC9DBF /* Project object */;
}
